# This file is generated by running "yarn install" inside your project.
# Manual changes might be lost - proceed with caution!

__metadata:
  version: 6
  cacheKey: 8

"@esbuild/android-arm64@npm:0.16.9":
  version: 0.16.9
  resolution: "@esbuild/android-arm64@npm:0.16.9"
  conditions: os=android & cpu=arm64
  languageName: node
  linkType: hard

"@esbuild/android-arm@npm:0.16.9":
  version: 0.16.9
  resolution: "@esbuild/android-arm@npm:0.16.9"
  conditions: os=android & cpu=arm
  languageName: node
  linkType: hard

"@esbuild/android-x64@npm:0.16.9":
  version: 0.16.9
  resolution: "@esbuild/android-x64@npm:0.16.9"
  conditions: os=android & cpu=x64
  languageName: node
  linkType: hard

"@esbuild/darwin-arm64@npm:0.16.9":
  version: 0.16.9
  resolution: "@esbuild/darwin-arm64@npm:0.16.9"
  conditions: os=darwin & cpu=arm64
  languageName: node
  linkType: hard

"@esbuild/darwin-x64@npm:0.16.9":
  version: 0.16.9
  resolution: "@esbuild/darwin-x64@npm:0.16.9"
  conditions: os=darwin & cpu=x64
  languageName: node
  linkType: hard

"@esbuild/freebsd-arm64@npm:0.16.9":
  version: 0.16.9
  resolution: "@esbuild/freebsd-arm64@npm:0.16.9"
  conditions: os=freebsd & cpu=arm64
  languageName: node
  linkType: hard

"@esbuild/freebsd-x64@npm:0.16.9":
  version: 0.16.9
  resolution: "@esbuild/freebsd-x64@npm:0.16.9"
  conditions: os=freebsd & cpu=x64
  languageName: node
  linkType: hard

"@esbuild/linux-arm64@npm:0.16.9":
  version: 0.16.9
  resolution: "@esbuild/linux-arm64@npm:0.16.9"
  conditions: os=linux & cpu=arm64
  languageName: node
  linkType: hard

"@esbuild/linux-arm@npm:0.16.9":
  version: 0.16.9
  resolution: "@esbuild/linux-arm@npm:0.16.9"
  conditions: os=linux & cpu=arm
  languageName: node
  linkType: hard

"@esbuild/linux-ia32@npm:0.16.9":
  version: 0.16.9
  resolution: "@esbuild/linux-ia32@npm:0.16.9"
  conditions: os=linux & cpu=ia32
  languageName: node
  linkType: hard

"@esbuild/linux-loong64@npm:0.16.9":
  version: 0.16.9
  resolution: "@esbuild/linux-loong64@npm:0.16.9"
  conditions: os=linux & cpu=loong64
  languageName: node
  linkType: hard

"@esbuild/linux-mips64el@npm:0.16.9":
  version: 0.16.9
  resolution: "@esbuild/linux-mips64el@npm:0.16.9"
  conditions: os=linux & cpu=mips64el
  languageName: node
  linkType: hard

"@esbuild/linux-ppc64@npm:0.16.9":
  version: 0.16.9
  resolution: "@esbuild/linux-ppc64@npm:0.16.9"
  conditions: os=linux & cpu=ppc64
  languageName: node
  linkType: hard

"@esbuild/linux-riscv64@npm:0.16.9":
  version: 0.16.9
  resolution: "@esbuild/linux-riscv64@npm:0.16.9"
  conditions: os=linux & cpu=riscv64
  languageName: node
  linkType: hard

"@esbuild/linux-s390x@npm:0.16.9":
  version: 0.16.9
  resolution: "@esbuild/linux-s390x@npm:0.16.9"
  conditions: os=linux & cpu=s390x
  languageName: node
  linkType: hard

"@esbuild/linux-x64@npm:0.16.9":
  version: 0.16.9
  resolution: "@esbuild/linux-x64@npm:0.16.9"
  conditions: os=linux & cpu=x64
  languageName: node
  linkType: hard

"@esbuild/netbsd-x64@npm:0.16.9":
  version: 0.16.9
  resolution: "@esbuild/netbsd-x64@npm:0.16.9"
  conditions: os=netbsd & cpu=x64
  languageName: node
  linkType: hard

"@esbuild/openbsd-x64@npm:0.16.9":
  version: 0.16.9
  resolution: "@esbuild/openbsd-x64@npm:0.16.9"
  conditions: os=openbsd & cpu=x64
  languageName: node
  linkType: hard

"@esbuild/sunos-x64@npm:0.16.9":
  version: 0.16.9
  resolution: "@esbuild/sunos-x64@npm:0.16.9"
  conditions: os=sunos & cpu=x64
  languageName: node
  linkType: hard

"@esbuild/win32-arm64@npm:0.16.9":
  version: 0.16.9
  resolution: "@esbuild/win32-arm64@npm:0.16.9"
  conditions: os=win32 & cpu=arm64
  languageName: node
  linkType: hard

"@esbuild/win32-ia32@npm:0.16.9":
  version: 0.16.9
  resolution: "@esbuild/win32-ia32@npm:0.16.9"
  conditions: os=win32 & cpu=ia32
  languageName: node
  linkType: hard

"@esbuild/win32-x64@npm:0.16.9":
  version: 0.16.9
  resolution: "@esbuild/win32-x64@npm:0.16.9"
  conditions: os=win32 & cpu=x64
  languageName: node
  linkType: hard

"@lit-labs/ssr-dom-shim@npm:^1.0.0":
  version: 1.0.0
  resolution: "@lit-labs/ssr-dom-shim@npm:1.0.0"
  checksum: ccba6675ad631c6f7360af4e12e328e88d877a52ec992ae9254a1be9902ef699b7916d851b073803dd91244d0f709de2c0539a7db643889cfe341ff6e1a74eb5
  languageName: node
  linkType: hard

"@lit/reactive-element@npm:^1.3.0, @lit/reactive-element@npm:^1.5.0":
  version: 1.5.0
  resolution: "@lit/reactive-element@npm:1.5.0"
  checksum: 8f87a2d9d7630c26ad0dd6b9a8ad46bb184fcec11e04ded3d487859a6cfebbe871d07a8271dfdf3f2d4b9688d27c17de0f8fa3fc690602f5b86d742f969a3ca4
  languageName: node
  linkType: hard

"@lit/reactive-element@npm:^1.6.0":
  version: 1.6.1
  resolution: "@lit/reactive-element@npm:1.6.1"
  dependencies:
    "@lit-labs/ssr-dom-shim": ^1.0.0
  checksum: fab0bcfdade9c26af2ad5115fb564bcf8ba0732a3a8be86c157851c2771e3fdc65ab38f2cd60fa121946058bf6e487461fd217f87b01f96e88ee7a95d5d866ba
  languageName: node
  linkType: hard

"@makepro-x/demo-widget-eq@workspace:.":
  version: 0.0.0-use.local
  resolution: "@makepro-x/demo-widget-eq@workspace:."
  dependencies:
    esbuild: ^0.16.9
    lit: ^2.5.0
    weq8: ^0.2.1
  languageName: unknown
  linkType: soft

"@types/trusted-types@npm:^2.0.2":
  version: 2.0.2
  resolution: "@types/trusted-types@npm:2.0.2"
  checksum: 3371eef5f1c50e1c3c07a127c1207b262ba65b83dd167a1c460fc1b135a3fb0c97b9f508efebd383f239cc5dd5b7169093686a692a501fde9c3f7208657d9b0d
  languageName: node
  linkType: hard

"esbuild@npm:^0.16.9":
  version: 0.16.9
  resolution: "esbuild@npm:0.16.9"
  dependencies:
    "@esbuild/android-arm": 0.16.9
    "@esbuild/android-arm64": 0.16.9
    "@esbuild/android-x64": 0.16.9
    "@esbuild/darwin-arm64": 0.16.9
    "@esbuild/darwin-x64": 0.16.9
    "@esbuild/freebsd-arm64": 0.16.9
    "@esbuild/freebsd-x64": 0.16.9
    "@esbuild/linux-arm": 0.16.9
    "@esbuild/linux-arm64": 0.16.9
    "@esbuild/linux-ia32": 0.16.9
    "@esbuild/linux-loong64": 0.16.9
    "@esbuild/linux-mips64el": 0.16.9
    "@esbuild/linux-ppc64": 0.16.9
    "@esbuild/linux-riscv64": 0.16.9
    "@esbuild/linux-s390x": 0.16.9
    "@esbuild/linux-x64": 0.16.9
    "@esbuild/netbsd-x64": 0.16.9
    "@esbuild/openbsd-x64": 0.16.9
    "@esbuild/sunos-x64": 0.16.9
    "@esbuild/win32-arm64": 0.16.9
    "@esbuild/win32-ia32": 0.16.9
    "@esbuild/win32-x64": 0.16.9
  dependenciesMeta:
    "@esbuild/android-arm":
      optional: true
    "@esbuild/android-arm64":
      optional: true
    "@esbuild/android-x64":
      optional: true
    "@esbuild/darwin-arm64":
      optional: true
    "@esbuild/darwin-x64":
      optional: true
    "@esbuild/freebsd-arm64":
      optional: true
    "@esbuild/freebsd-x64":
      optional: true
    "@esbuild/linux-arm":
      optional: true
    "@esbuild/linux-arm64":
      optional: true
    "@esbuild/linux-ia32":
      optional: true
    "@esbuild/linux-loong64":
      optional: true
    "@esbuild/linux-mips64el":
      optional: true
    "@esbuild/linux-ppc64":
      optional: true
    "@esbuild/linux-riscv64":
      optional: true
    "@esbuild/linux-s390x":
      optional: true
    "@esbuild/linux-x64":
      optional: true
    "@esbuild/netbsd-x64":
      optional: true
    "@esbuild/openbsd-x64":
      optional: true
    "@esbuild/sunos-x64":
      optional: true
    "@esbuild/win32-arm64":
      optional: true
    "@esbuild/win32-ia32":
      optional: true
    "@esbuild/win32-x64":
      optional: true
  bin:
    esbuild: bin/esbuild
  checksum: e7053a94178e548ae166a3bdff1e2d2c6b4ac6fe5d17434eda8222d742b44b2ff5653434a03b2075676827ad8ca37ff24f3383f7b8da5ebb35d8fac4ae7b89f3
  languageName: node
  linkType: hard

"lit-element@npm:^3.2.0":
  version: 3.2.2
  resolution: "lit-element@npm:3.2.2"
  dependencies:
    "@lit/reactive-element": ^1.3.0
    lit-html: ^2.2.0
  checksum: e1df57c02ad5ae4c42b49a5066b3b623bccf7fa6610bbc3f65bc22cbbe1546ecd6a7f717b1f01863929262f416c4b8b7a39ff166114215f93cc22f4e5b3825c3
  languageName: node
  linkType: hard

"lit-html@npm:^2.2.0, lit-html@npm:^2.5.0":
  version: 2.5.0
  resolution: "lit-html@npm:2.5.0"
  dependencies:
    "@types/trusted-types": ^2.0.2
  checksum: 5376c423253037fbe1cb24f8178104eca6186df19d06bc91ad8d5d251af8467fd269a6c7e97ffaa5e9872a8dd453a40c3ffbe23c81d2823078f59be03f94c1bc
  languageName: node
  linkType: hard

"lit-html@npm:^2.6.0":
  version: 2.6.1
  resolution: "lit-html@npm:2.6.1"
  dependencies:
    "@types/trusted-types": ^2.0.2
  checksum: 32291eb5bcaa7fcc1d433522a9a62c3c3d240e49bb8c57ccea5c10014823d94f62f17e2d5361781cb6ee0b3c9078ef839de6164d5374371d650471904515e48e
  languageName: node
  linkType: hard

"lit@npm:^2.4.0":
  version: 2.6.1
  resolution: "lit@npm:2.6.1"
  dependencies:
    "@lit/reactive-element": ^1.6.0
    lit-element: ^3.2.0
    lit-html: ^2.6.0
  checksum: 74f2813152a48f195784f01b6b4ff7e4e7d8fa90ac272b725d1953fa3e1d6c9dca60b77da435f34144fcdd38705480889a8ea986835676932a8559c897cea517
  languageName: node
  linkType: hard

"lit@npm:^2.5.0":
  version: 2.5.0
  resolution: "lit@npm:2.5.0"
  dependencies:
    "@lit/reactive-element": ^1.5.0
    lit-element: ^3.2.0
    lit-html: ^2.5.0
  checksum: 7f62ef9da4b21d37f8b476d8425903a22ed9c1e5b26597c811cb38760d28baf6cd83865457c971d1ac77d6ad59ecc73cd1870fa3478a08d0beffa0b74b016bec
  languageName: node
  linkType: hard

"nanoevents@npm:^7.0.1":
  version: 7.0.1
  resolution: "nanoevents@npm:7.0.1"
  checksum: 5c0704cfeb7af9052a70b1ce53e556e3743cefbbd09758121e0062e4fac2cf70ebea1e6b1414f18a81975ee1bdf4af05e13c82e1b015975493ef8ef34737787d
  languageName: node
  linkType: hard

"weq8@npm:^0.2.1":
  version: 0.2.1
  resolution: "weq8@npm:0.2.1"
  dependencies:
    lit: ^2.4.0
    nanoevents: ^7.0.1
  checksum: 7e7590d85399f9f24aa5c2b4919c3247a2eadc0d925e20622a34fcc6b13f53c17868ecc43752b5e2080e22bd77008a38905115af132074665765e3dc4795da16
  languageName: node
  linkType: hard
